{
  "version": 4,
  "terraform_version": "0.13.2",
  "serial": 156,
  "lineage": "aee9e01f-8110-293d-21be-f99ec5ee3287",
  "outputs": {},
  "resources": [
    {
      "mode": "managed",
      "type": "azurerm_network_interface",
      "name": "TerraNIC",
      "provider": "provider[\"registry.terraform.io/hashicorp/azurerm\"]",
      "instances": [
        {
          "schema_version": 0,
          "attributes": {
            "applied_dns_servers": [],
            "dns_servers": [],
            "enable_accelerated_networking": false,
            "enable_ip_forwarding": false,
            "id": "/subscriptions/2508efd2-f6b2-49df-b7f8-3239051e62df/resourceGroups/TerrafVnetRG/providers/Microsoft.Network/networkInterfaces/TerraNIC",
            "internal_dns_name_label": "",
            "internal_domain_name_suffix": "jcw12ah3wwnubbotfnymsxb3wd.bx.internal.cloudapp.net",
            "ip_configuration": [
              {
                "name": "internal",
                "primary": true,
                "private_ip_address": "192.168.0.4",
                "private_ip_address_allocation": "Dynamic",
                "private_ip_address_version": "IPv4",
                "public_ip_address_id": "/subscriptions/2508efd2-f6b2-49df-b7f8-3239051e62df/resourceGroups/TerrafVnetRG/providers/Microsoft.Network/publicIPAddresses/TerraPI",
                "subnet_id": "/subscriptions/2508efd2-f6b2-49df-b7f8-3239051e62df/resourceGroups/TerrafVnetRG/providers/Microsoft.Network/virtualNetworks/TerrafVnetVN2/subnets/TerraVnetSN2"
              }
            ],
            "location": "eastus",
            "mac_address": "",
            "name": "TerraNIC",
            "private_ip_address": "192.168.0.4",
            "private_ip_addresses": [
              "192.168.0.4"
            ],
            "resource_group_name": "TerrafVnetRG",
            "tags": null,
            "timeouts": null,
            "virtual_machine_id": ""
          },
          "private": "eyJlMmJmYjczMC1lY2FhLTExZTYtOGY4OC0zNDM2M2JjN2M0YzAiOnsiY3JlYXRlIjoxODAwMDAwMDAwMDAwLCJkZWxldGUiOjE4MDAwMDAwMDAwMDAsInJlYWQiOjMwMDAwMDAwMDAwMCwidXBkYXRlIjoxODAwMDAwMDAwMDAwfX0=",
          "dependencies": [
            "azurerm_public_ip.TerraPI",
            "azurerm_resource_group.TerraVnetRG",
            "azurerm_subnet.TerraVnetSN2",
            "azurerm_virtual_network.TerraVnetVN2"
          ]
        }
      ]
    },
    {
      "mode": "managed",
      "type": "azurerm_network_interface",
      "name": "TerraNIC2",
      "provider": "provider[\"registry.terraform.io/hashicorp/azurerm\"]",
      "instances": [
        {
          "schema_version": 0,
          "attributes": {
            "applied_dns_servers": [],
            "dns_servers": [],
            "enable_accelerated_networking": false,
            "enable_ip_forwarding": false,
            "id": "/subscriptions/2508efd2-f6b2-49df-b7f8-3239051e62df/resourceGroups/TerrafVnetRG/providers/Microsoft.Network/networkInterfaces/TerraNIC2",
            "internal_dns_name_label": "",
            "internal_domain_name_suffix": "njcljg5rcgzebcfupdrihckamd.bx.internal.cloudapp.net",
            "ip_configuration": [
              {
                "name": "internal2",
                "primary": true,
                "private_ip_address": "10.0.0.4",
                "private_ip_address_allocation": "Dynamic",
                "private_ip_address_version": "IPv4",
                "public_ip_address_id": "",
                "subnet_id": "/subscriptions/2508efd2-f6b2-49df-b7f8-3239051e62df/resourceGroups/TerrafVnetRG/providers/Microsoft.Network/virtualNetworks/TerrafVnetVN/subnets/TerraVnetSN"
              }
            ],
            "location": "eastus",
            "mac_address": "",
            "name": "TerraNIC2",
            "private_ip_address": "10.0.0.4",
            "private_ip_addresses": [
              "10.0.0.4"
            ],
            "resource_group_name": "TerrafVnetRG",
            "tags": null,
            "timeouts": null,
            "virtual_machine_id": ""
          },
          "private": "eyJlMmJmYjczMC1lY2FhLTExZTYtOGY4OC0zNDM2M2JjN2M0YzAiOnsiY3JlYXRlIjoxODAwMDAwMDAwMDAwLCJkZWxldGUiOjE4MDAwMDAwMDAwMDAsInJlYWQiOjMwMDAwMDAwMDAwMCwidXBkYXRlIjoxODAwMDAwMDAwMDAwfX0=",
          "dependencies": [
            "azurerm_resource_group.TerraVnetRG",
            "azurerm_subnet.TerraVnetSN1",
            "azurerm_virtual_network.TerraVnetVN"
          ]
        }
      ]
    },
    {
      "mode": "managed",
      "type": "azurerm_public_ip",
      "name": "TerraPI",
      "provider": "provider[\"registry.terraform.io/hashicorp/azurerm\"]",
      "instances": [
        {
          "schema_version": 0,
          "attributes": {
            "allocation_method": "Dynamic",
            "domain_name_label": null,
            "fqdn": null,
            "id": "/subscriptions/2508efd2-f6b2-49df-b7f8-3239051e62df/resourceGroups/TerrafVnetRG/providers/Microsoft.Network/publicIPAddresses/TerraPI",
            "idle_timeout_in_minutes": 4,
            "ip_address": "",
            "ip_version": "IPv4",
            "location": "eastus",
            "name": "TerraPI",
            "public_ip_prefix_id": null,
            "resource_group_name": "TerrafVnetRG",
            "reverse_fqdn": null,
            "sku": "Basic",
            "tags": null,
            "timeouts": null,
            "zones": null
          },
          "private": "eyJlMmJmYjczMC1lY2FhLTExZTYtOGY4OC0zNDM2M2JjN2M0YzAiOnsiY3JlYXRlIjoxODAwMDAwMDAwMDAwLCJkZWxldGUiOjE4MDAwMDAwMDAwMDAsInJlYWQiOjMwMDAwMDAwMDAwMCwidXBkYXRlIjoxODAwMDAwMDAwMDAwfX0=",
          "dependencies": [
            "azurerm_resource_group.TerraVnetRG"
          ]
        }
      ]
    },
    {
      "mode": "managed",
      "type": "azurerm_public_ip",
      "name": "TerraPI2",
      "provider": "provider[\"registry.terraform.io/hashicorp/azurerm\"]",
      "instances": [
        {
          "schema_version": 0,
          "attributes": {
            "allocation_method": "Dynamic",
            "domain_name_label": null,
            "fqdn": null,
            "id": "/subscriptions/2508efd2-f6b2-49df-b7f8-3239051e62df/resourceGroups/TerrafVnetRG/providers/Microsoft.Network/publicIPAddresses/TerraPI2",
            "idle_timeout_in_minutes": 4,
            "ip_address": "",
            "ip_version": "IPv4",
            "location": "eastus",
            "name": "TerraPI2",
            "public_ip_prefix_id": null,
            "resource_group_name": "TerrafVnetRG",
            "reverse_fqdn": null,
            "sku": "Basic",
            "tags": null,
            "timeouts": null,
            "zones": null
          },
          "private": "eyJlMmJmYjczMC1lY2FhLTExZTYtOGY4OC0zNDM2M2JjN2M0YzAiOnsiY3JlYXRlIjoxODAwMDAwMDAwMDAwLCJkZWxldGUiOjE4MDAwMDAwMDAwMDAsInJlYWQiOjMwMDAwMDAwMDAwMCwidXBkYXRlIjoxODAwMDAwMDAwMDAwfX0=",
          "dependencies": [
            "azurerm_resource_group.TerraVnetRG"
          ]
        }
      ]
    },
    {
      "mode": "managed",
      "type": "azurerm_resource_group",
      "name": "TerraVnetRG",
      "provider": "provider[\"registry.terraform.io/hashicorp/azurerm\"]",
      "instances": [
        {
          "schema_version": 0,
          "attributes": {
            "id": "/subscriptions/2508efd2-f6b2-49df-b7f8-3239051e62df/resourceGroups/TerrafVnetRG",
            "location": "eastus",
            "name": "TerrafVnetRG",
            "tags": {
              "Project": "TerraVnet"
            },
            "timeouts": null
          },
          "private": "eyJlMmJmYjczMC1lY2FhLTExZTYtOGY4OC0zNDM2M2JjN2M0YzAiOnsiY3JlYXRlIjo1NDAwMDAwMDAwMDAwLCJkZWxldGUiOjU0MDAwMDAwMDAwMDAsInJlYWQiOjMwMDAwMDAwMDAwMCwidXBkYXRlIjo1NDAwMDAwMDAwMDAwfX0="
        }
      ]
    },
    {
      "mode": "managed",
      "type": "azurerm_subnet",
      "name": "TerraVnetSN1",
      "provider": "provider[\"registry.terraform.io/hashicorp/azurerm\"]",
      "instances": [
        {
          "schema_version": 0,
          "attributes": {
            "address_prefix": "10.0.0.0/24",
            "address_prefixes": [
              "10.0.0.0/24"
            ],
            "delegation": [],
            "enforce_private_link_endpoint_network_policies": false,
            "enforce_private_link_service_network_policies": false,
            "id": "/subscriptions/2508efd2-f6b2-49df-b7f8-3239051e62df/resourceGroups/TerrafVnetRG/providers/Microsoft.Network/virtualNetworks/TerrafVnetVN/subnets/TerraVnetSN",
            "name": "TerraVnetSN",
            "resource_group_name": "TerrafVnetRG",
            "service_endpoint_policy_ids": null,
            "service_endpoints": null,
            "timeouts": null,
            "virtual_network_name": "TerrafVnetVN"
          },
          "private": "eyJlMmJmYjczMC1lY2FhLTExZTYtOGY4OC0zNDM2M2JjN2M0YzAiOnsiY3JlYXRlIjoxODAwMDAwMDAwMDAwLCJkZWxldGUiOjE4MDAwMDAwMDAwMDAsInJlYWQiOjMwMDAwMDAwMDAwMCwidXBkYXRlIjoxODAwMDAwMDAwMDAwfX0=",
          "dependencies": [
            "azurerm_resource_group.TerraVnetRG",
            "azurerm_virtual_network.TerraVnetVN"
          ]
        }
      ]
    },
    {
      "mode": "managed",
      "type": "azurerm_subnet",
      "name": "TerraVnetSN2",
      "provider": "provider[\"registry.terraform.io/hashicorp/azurerm\"]",
      "instances": [
        {
          "schema_version": 0,
          "attributes": {
            "address_prefix": "192.168.0.0/24",
            "address_prefixes": [
              "192.168.0.0/24"
            ],
            "delegation": [],
            "enforce_private_link_endpoint_network_policies": false,
            "enforce_private_link_service_network_policies": false,
            "id": "/subscriptions/2508efd2-f6b2-49df-b7f8-3239051e62df/resourceGroups/TerrafVnetRG/providers/Microsoft.Network/virtualNetworks/TerrafVnetVN2/subnets/TerraVnetSN2",
            "name": "TerraVnetSN2",
            "resource_group_name": "TerrafVnetRG",
            "service_endpoint_policy_ids": null,
            "service_endpoints": null,
            "timeouts": null,
            "virtual_network_name": "TerrafVnetVN2"
          },
          "private": "eyJlMmJmYjczMC1lY2FhLTExZTYtOGY4OC0zNDM2M2JjN2M0YzAiOnsiY3JlYXRlIjoxODAwMDAwMDAwMDAwLCJkZWxldGUiOjE4MDAwMDAwMDAwMDAsInJlYWQiOjMwMDAwMDAwMDAwMCwidXBkYXRlIjoxODAwMDAwMDAwMDAwfX0=",
          "dependencies": [
            "azurerm_resource_group.TerraVnetRG",
            "azurerm_virtual_network.TerraVnetVN2"
          ]
        }
      ]
    },
    {
      "mode": "managed",
      "type": "azurerm_virtual_network",
      "name": "TerraVnetVN",
      "provider": "provider[\"registry.terraform.io/hashicorp/azurerm\"]",
      "instances": [
        {
          "schema_version": 0,
          "attributes": {
            "address_space": [
              "10.0.0.0/16"
            ],
            "bgp_community": "",
            "ddos_protection_plan": [],
            "dns_servers": null,
            "guid": "9bb4446a-11f1-40b2-88b4-78e283894063",
            "id": "/subscriptions/2508efd2-f6b2-49df-b7f8-3239051e62df/resourceGroups/TerrafVnetRG/providers/Microsoft.Network/virtualNetworks/TerrafVnetVN",
            "location": "eastus",
            "name": "TerrafVnetVN",
            "resource_group_name": "TerrafVnetRG",
            "subnet": [],
            "tags": null,
            "timeouts": null,
            "vm_protection_enabled": false
          },
          "private": "eyJlMmJmYjczMC1lY2FhLTExZTYtOGY4OC0zNDM2M2JjN2M0YzAiOnsiY3JlYXRlIjoxODAwMDAwMDAwMDAwLCJkZWxldGUiOjE4MDAwMDAwMDAwMDAsInJlYWQiOjMwMDAwMDAwMDAwMCwidXBkYXRlIjoxODAwMDAwMDAwMDAwfX0=",
          "dependencies": [
            "azurerm_resource_group.TerraVnetRG"
          ]
        }
      ]
    },
    {
      "mode": "managed",
      "type": "azurerm_virtual_network",
      "name": "TerraVnetVN2",
      "provider": "provider[\"registry.terraform.io/hashicorp/azurerm\"]",
      "instances": [
        {
          "schema_version": 0,
          "attributes": {
            "address_space": [
              "192.168.0.0/16"
            ],
            "bgp_community": "",
            "ddos_protection_plan": [],
            "dns_servers": null,
            "guid": "00bead48-b5fd-409b-85d3-2b70c95c3db3",
            "id": "/subscriptions/2508efd2-f6b2-49df-b7f8-3239051e62df/resourceGroups/TerrafVnetRG/providers/Microsoft.Network/virtualNetworks/TerrafVnetVN2",
            "location": "eastus",
            "name": "TerrafVnetVN2",
            "resource_group_name": "TerrafVnetRG",
            "subnet": [],
            "tags": null,
            "timeouts": null,
            "vm_protection_enabled": false
          },
          "private": "eyJlMmJmYjczMC1lY2FhLTExZTYtOGY4OC0zNDM2M2JjN2M0YzAiOnsiY3JlYXRlIjoxODAwMDAwMDAwMDAwLCJkZWxldGUiOjE4MDAwMDAwMDAwMDAsInJlYWQiOjMwMDAwMDAwMDAwMCwidXBkYXRlIjoxODAwMDAwMDAwMDAwfX0=",
          "dependencies": [
            "azurerm_resource_group.TerraVnetRG"
          ]
        }
      ]
    },
    {
      "mode": "managed",
      "type": "azurerm_virtual_network_peering",
      "name": "Vnet2_Vnet",
      "provider": "provider[\"registry.terraform.io/hashicorp/azurerm\"]",
      "instances": [
        {
          "schema_version": 0,
          "attributes": {
            "allow_forwarded_traffic": false,
            "allow_gateway_transit": false,
            "allow_virtual_network_access": true,
            "id": "/subscriptions/2508efd2-f6b2-49df-b7f8-3239051e62df/resourceGroups/TerrafVnetRG/providers/Microsoft.Network/virtualNetworks/TerrafVnetVN2/virtualNetworkPeerings/Vnet_Vnet2",
            "name": "Vnet_Vnet2",
            "remote_virtual_network_id": "/subscriptions/2508efd2-f6b2-49df-b7f8-3239051e62df/resourceGroups/TerrafVnetRG/providers/Microsoft.Network/virtualNetworks/TerrafVnetVN",
            "resource_group_name": "TerrafVnetRG",
            "timeouts": null,
            "use_remote_gateways": false,
            "virtual_network_name": "TerrafVnetVN2"
          },
          "private": "eyJlMmJmYjczMC1lY2FhLTExZTYtOGY4OC0zNDM2M2JjN2M0YzAiOnsiY3JlYXRlIjoxODAwMDAwMDAwMDAwLCJkZWxldGUiOjE4MDAwMDAwMDAwMDAsInJlYWQiOjMwMDAwMDAwMDAwMCwidXBkYXRlIjoxODAwMDAwMDAwMDAwfX0=",
          "dependencies": [
            "azurerm_resource_group.TerraVnetRG",
            "azurerm_virtual_network.TerraVnetVN",
            "azurerm_virtual_network.TerraVnetVN2"
          ]
        }
      ]
    },
    {
      "mode": "managed",
      "type": "azurerm_virtual_network_peering",
      "name": "Vnet_Vnet2",
      "provider": "provider[\"registry.terraform.io/hashicorp/azurerm\"]",
      "instances": [
        {
          "schema_version": 0,
          "attributes": {
            "allow_forwarded_traffic": false,
            "allow_gateway_transit": false,
            "allow_virtual_network_access": true,
            "id": "/subscriptions/2508efd2-f6b2-49df-b7f8-3239051e62df/resourceGroups/TerrafVnetRG/providers/Microsoft.Network/virtualNetworks/TerrafVnetVN/virtualNetworkPeerings/Vnet_Vnet2",
            "name": "Vnet_Vnet2",
            "remote_virtual_network_id": "/subscriptions/2508efd2-f6b2-49df-b7f8-3239051e62df/resourceGroups/TerrafVnetRG/providers/Microsoft.Network/virtualNetworks/TerrafVnetVN2",
            "resource_group_name": "TerrafVnetRG",
            "timeouts": null,
            "use_remote_gateways": false,
            "virtual_network_name": "TerrafVnetVN"
          },
          "private": "eyJlMmJmYjczMC1lY2FhLTExZTYtOGY4OC0zNDM2M2JjN2M0YzAiOnsiY3JlYXRlIjoxODAwMDAwMDAwMDAwLCJkZWxldGUiOjE4MDAwMDAwMDAwMDAsInJlYWQiOjMwMDAwMDAwMDAwMCwidXBkYXRlIjoxODAwMDAwMDAwMDAwfX0=",
          "dependencies": [
            "azurerm_resource_group.TerraVnetRG",
            "azurerm_virtual_network.TerraVnetVN",
            "azurerm_virtual_network.TerraVnetVN2"
          ]
        }
      ]
    },
    {
      "mode": "managed",
      "type": "azurerm_windows_virtual_machine",
      "name": "Vm1234",
      "provider": "provider[\"registry.terraform.io/hashicorp/azurerm\"]",
      "instances": [
        {
          "schema_version": 0,
          "attributes": {
            "additional_capabilities": [],
            "additional_unattend_content": [],
            "admin_password": "Azure@123456",
            "admin_username": "suren",
            "allow_extension_operations": true,
            "availability_set_id": "",
            "boot_diagnostics": [],
            "computer_name": "Vm1234",
            "custom_data": null,
            "dedicated_host_id": "",
            "enable_automatic_updates": true,
            "encryption_at_host_enabled": false,
            "eviction_policy": "",
            "extensions_time_budget": "PT1H30M",
            "id": "/subscriptions/2508efd2-f6b2-49df-b7f8-3239051e62df/resourceGroups/TerrafVnetRG/providers/Microsoft.Compute/virtualMachines/Vm1234",
            "identity": [],
            "license_type": "",
            "location": "eastus",
            "max_bid_price": -1,
            "name": "Vm1234",
            "network_interface_ids": [
              "/subscriptions/2508efd2-f6b2-49df-b7f8-3239051e62df/resourceGroups/TerrafVnetRG/providers/Microsoft.Network/networkInterfaces/TerraNIC"
            ],
            "os_disk": [
              {
                "caching": "ReadWrite",
                "diff_disk_settings": [],
                "disk_encryption_set_id": "",
                "disk_size_gb": 127,
                "name": "Vm1234_OsDisk_1_66d5e86f411a46bb8832ec838bb0c0ca",
                "storage_account_type": "Standard_LRS",
                "write_accelerator_enabled": false
              }
            ],
            "patch_mode": "AutomaticByOS",
            "plan": [],
            "priority": "Regular",
            "private_ip_address": "192.168.0.4",
            "private_ip_addresses": [
              "192.168.0.4"
            ],
            "provision_vm_agent": true,
            "proximity_placement_group_id": "",
            "public_ip_address": "52.170.252.9",
            "public_ip_addresses": [
              "52.170.252.9"
            ],
            "resource_group_name": "TerrafVnetRG",
            "secret": [],
            "size": "Standard_F2",
            "source_image_id": "",
            "source_image_reference": [
              {
                "offer": "WindowsServer",
                "publisher": "MicrosoftWindowsServer",
                "sku": "2016-Datacenter",
                "version": "latest"
              }
            ],
            "tags": null,
            "timeouts": null,
            "timezone": "",
            "virtual_machine_id": "9435a738-1ffa-4c3a-b9cc-686548024832",
            "virtual_machine_scale_set_id": "",
            "winrm_listener": [],
            "zone": ""
          },
          "private": "eyJlMmJmYjczMC1lY2FhLTExZTYtOGY4OC0zNDM2M2JjN2M0YzAiOnsiY3JlYXRlIjoyNzAwMDAwMDAwMDAwLCJkZWxldGUiOjI3MDAwMDAwMDAwMDAsInJlYWQiOjMwMDAwMDAwMDAwMCwidXBkYXRlIjoyNzAwMDAwMDAwMDAwfX0=",
          "dependencies": [
            "azurerm_network_interface.TerraNIC",
            "azurerm_public_ip.TerraPI",
            "azurerm_resource_group.TerraVnetRG",
            "azurerm_subnet.TerraVnetSN2",
            "azurerm_virtual_network.TerraVnetVN2"
          ]
        }
      ]
    },
    {
      "mode": "managed",
      "type": "azurerm_windows_virtual_machine",
      "name": "Vm12345",
      "provider": "provider[\"registry.terraform.io/hashicorp/azurerm\"]",
      "instances": [
        {
          "schema_version": 0,
          "attributes": {
            "additional_capabilities": [],
            "additional_unattend_content": [],
            "admin_password": "Azure@123456",
            "admin_username": "suren",
            "allow_extension_operations": true,
            "availability_set_id": "",
            "boot_diagnostics": [],
            "computer_name": "Vm12345",
            "custom_data": null,
            "dedicated_host_id": "",
            "enable_automatic_updates": true,
            "encryption_at_host_enabled": false,
            "eviction_policy": "",
            "extensions_time_budget": "PT1H30M",
            "id": "/subscriptions/2508efd2-f6b2-49df-b7f8-3239051e62df/resourceGroups/TerrafVnetRG/providers/Microsoft.Compute/virtualMachines/Vm12345",
            "identity": [],
            "license_type": "",
            "location": "eastus",
            "max_bid_price": -1,
            "name": "Vm12345",
            "network_interface_ids": [
              "/subscriptions/2508efd2-f6b2-49df-b7f8-3239051e62df/resourceGroups/TerrafVnetRG/providers/Microsoft.Network/networkInterfaces/TerraNIC2"
            ],
            "os_disk": [
              {
                "caching": "ReadWrite",
                "diff_disk_settings": [],
                "disk_encryption_set_id": "",
                "disk_size_gb": 127,
                "name": "Vm12345_OsDisk_1_318bfa5b3eb0406bb9a9182ec2454cfd",
                "storage_account_type": "Standard_LRS",
                "write_accelerator_enabled": false
              }
            ],
            "patch_mode": "AutomaticByOS",
            "plan": [],
            "priority": "Regular",
            "private_ip_address": "10.0.0.4",
            "private_ip_addresses": [
              "10.0.0.4"
            ],
            "provision_vm_agent": true,
            "proximity_placement_group_id": "",
            "public_ip_address": "",
            "public_ip_addresses": [],
            "resource_group_name": "TerrafVnetRG",
            "secret": [],
            "size": "Standard_F2",
            "source_image_id": "",
            "source_image_reference": [
              {
                "offer": "WindowsServer",
                "publisher": "MicrosoftWindowsServer",
                "sku": "2016-Datacenter",
                "version": "latest"
              }
            ],
            "tags": null,
            "timeouts": null,
            "timezone": "",
            "virtual_machine_id": "4ba6e4ae-b709-4d1e-82c7-9bc4ff41b9a2",
            "virtual_machine_scale_set_id": "",
            "winrm_listener": [],
            "zone": ""
          },
          "private": "eyJlMmJmYjczMC1lY2FhLTExZTYtOGY4OC0zNDM2M2JjN2M0YzAiOnsiY3JlYXRlIjoyNzAwMDAwMDAwMDAwLCJkZWxldGUiOjI3MDAwMDAwMDAwMDAsInJlYWQiOjMwMDAwMDAwMDAwMCwidXBkYXRlIjoyNzAwMDAwMDAwMDAwfX0=",
          "dependencies": [
            "azurerm_network_interface.TerraNIC2",
            "azurerm_resource_group.TerraVnetRG",
            "azurerm_subnet.TerraVnetSN1",
            "azurerm_virtual_network.TerraVnetVN"
          ]
        }
      ]
    }
  ]
}
